// !$*UTF8*$!
{
	archiveVersion = 1;
	classes = {
	};
	objectVersion = 46;
	objects = {

/* Begin PBXBuildFile section */
		034E8CC91C8997460035A28A /* UZRefreshBase.m in Sources */ = {isa = PBXBuildFile; fileRef = 034E8CC81C8997460035A28A /* UZRefreshBase.m */; };
/* End PBXBuildFile section */

/* Begin PBXCopyFilesBuildPhase section */
		034E8CB91C8996D50035A28A /* CopyFiles */ = {
			isa = PBXCopyFilesBuildPhase;
			buildActionMask = 2147483647;
			dstPath = "include/$(PRODUCT_NAME)";
			dstSubfolderSpec = 16;
			files = (
			);
			runOnlyForDeploymentPostprocessing = 0;
		};
/* End PBXCopyFilesBuildPhase section */

/* Begin PBXFileReference section */
		034E8CBB1C8996D50035A28A /* libUIPullRefresh.a */ = {isa = PBXFileReference; explicitFileType = archive.ar; includeInIndex = 0; path = libUIPullRefresh.a; sourceTree = BUILT_PRODUCTS_DIR; };
		034E8CC71C8997460035A28A /* UZRefreshBase.h */ = {isa = PBXFileReference; fileEncoding = 4; lastKnownFileType = sourcecode.c.h; path = UZRefreshBase.h; sourceTree = "<group>"; };
		034E8CC81C8997460035A28A /* UZRefreshBase.m */ = {isa = PBXFileReference; fileEncoding = 4; lastKnownFileType = sourcecode.c.objc; path = UZRefreshBase.m; sourceTree = "<group>"; };
		034E8CCB1C8997700035A28A /* NSDictionaryUtils.h */ = {isa = PBXFileReference; fileEncoding = 4; lastKnownFileType = sourcecode.c.h; path = NSDictionaryUtils.h; sourceTree = "<group>"; };
		034E8CCC1C89977F0035A28A /* UZModule.h */ = {isa = PBXFileReference; fileEncoding = 4; lastKnownFileType = sourcecode.c.h; path = UZModule.h; sourceTree = "<group>"; };
		034E8CCD1C89978E0035A28A /* UZAppUtils.h */ = {isa = PBXFileReference; fileEncoding = 4; lastKnownFileType = sourcecode.c.h; path = UZAppUtils.h; sourceTree = "<group>"; };
/* End PBXFileReference section */

/* Begin PBXFrameworksBuildPhase section */
		034E8CB81C8996D50035A28A /* Frameworks */ = {
			isa = PBXFrameworksBuildPhase;
			buildActionMask = 2147483647;
			files = (
			);
			runOnlyForDeploymentPostprocessing = 0;
		};
/* End PBXFrameworksBuildPhase section */

/* Begin PBXGroup section */
		034E8CB21C8996D50035A28A = {
			isa = PBXGroup;
			children = (
				034E8CCA1C8997590035A28A /* headFile */,
				034E8CBD1C8996D50035A28A /* UIPullRefresh */,
				034E8CBC1C8996D50035A28A /* Products */,
			);
			sourceTree = "<group>";
		};
		034E8CBC1C8996D50035A28A /* Products */ = {
			isa = PBXGroup;
			children = (
				034E8CBB1C8996D50035A28A /* libUIPullRefresh.a */,
			);
			name = Products;
			sourceTree = "<group>";
		};
		034E8CBD1C8996D50035A28A /* UIPullRefresh */ = {
			isa = PBXGroup;
			children = (
				034E8CC71C8997460035A28A /* UZRefreshBase.h */,
				034E8CC81C8997460035A28A /* UZRefreshBase.m */,
			);
			path = UIPullRefresh;
			sourceTree = "<group>";
		};
		034E8CCA1C8997590035A28A /* headFile */ = {
			isa = PBXGroup;
			children = (
				034E8CCC1C89977F0035A28A /* UZModule.h */,
				034E8CCD1C89978E0035A28A /* UZAppUtils.h */,
				034E8CCB1C8997700035A28A /* NSDictionaryUtils.h */,
			);
			path = headFile;
			sourceTree = "<group>";
		};
/* End PBXGroup section */

/* Begin PBXNativeTarget section */
		034E8CBA1C8996D50035A28A /* UIPullRefresh */ = {
			isa = PBXNativeTarget;
			buildConfigurationList = 034E8CC41C8996D50035A28A /* Build configuration list for PBXNativeTarget "UIPullRefresh" */;
			buildPhases = (
				034E8CB71C8996D50035A28A /* Sources */,
				034E8CB81C8996D50035A28A /* Frameworks */,
				034E8CB91C8996D50035A28A /* CopyFiles */,
			);
			buildRules = (
			);
			dependencies = (
			);
			name = UIPullRefresh;
			productName = UIPullRefresh;
			productReference = 034E8CBB1C8996D50035A28A /* libUIPullRefresh.a */;
			productType = "com.apple.product-type.library.static";
		};
/* End PBXNativeTarget section */

/* Begin PBXProject section */
		034E8CB31C8996D50035A28A /* Project object */ = {
			isa = PBXProject;
			attributes = {
				LastUpgradeCheck = 0720;
				ORGANIZATIONNAME = "___Turbo___";
				TargetAttributes = {
					034E8CBA1C8996D50035A28A = {
						CreatedOnToolsVersion = 7.2;
					};
				};
			};
			buildConfigurationList = 034E8CB61C8996D50035A28A /* Build configuration list for PBXProject "UIPullRefresh" */;
			compatibilityVersion = "Xcode 3.2";
			developmentRegion = English;
			hasScannedForEncodings = 0;
			knownRegions = (
				en,
			);
			mainGroup = 034E8CB21C8996D50035A28A;
			productRefGroup = 034E8CBC1C8996D50035A28A /* Products */;
			projectDirPath = "";
			projectRoot = "";
			targets = (
				034E8CBA1C8996D50035A28A /* UIPullRefresh */,
			);
		};
/* End PBXProject section */

/* Begin PBXSourcesBuildPhase section */
		034E8CB71C8996D50035A28A /* Sources */ = {
			isa = PBXSourcesBuildPhase;
			buildActionMask = 2147483647;
			files = (
				034E8CC91C8997460035A28A /* UZRefreshBase.m in Sources */,
			);
			runOnlyForDeploymentPostprocessing = 0;
		};
/* End PBXSourcesBuildPhase section */

/* Begin XCBuildConfiguration section */
		034E8CC21C8996D50035A28A /* Debug */ = {
			isa = XCBuildConfiguration;
			buildSettings = {
				ALWAYS_SEARCH_USER_PATHS = NO;
				CLANG_CXX_LANGUAGE_STANDARD = "gnu++0x";
				CLANG_CXX_LIBRARY = "libc++";
				CLANG_ENABLE_MODULES = YES;
				CLANG_ENABLE_OBJC_ARC = YES;
				CLANG_WARN_BOOL_CONVERSION = YES;
				CLANG_WARN_CONSTANT_CONVERSION = YES;
				CLANG_WARN_DIRECT_OBJC_ISA_USAGE = YES_ERROR;
				CLANG_WARN_EMPTY_BODY = YES;
				CLANG_WARN_ENUM_CONVERSION = YES;
				CLANG_WARN_INT_CONVERSION = YES;
				CLANG_WARN_OBJC_ROOT_CLASS = YES_ERROR;
				CLANG_WARN_UNREACHABLE_CODE = YES;
				CLANG_WARN__DUPLICATE_METHOD_MATCH = YES;
				"CODE_SIGN_IDENTITY[sdk=iphoneos*]" = "iPhone Developer";
				COPY_PHASE_STRIP = NO;
				DEBUG_INFORMATION_FORMAT = dwarf;
				ENABLE_STRICT_OBJC_MSGSEND = YES;
				ENABLE_TESTABILITY = YES;
				GCC_C_LANGUAGE_STANDARD = gnu99;
				GCC_DYNAMIC_NO_PIC = NO;
				GCC_NO_COMMON_BLOCKS = YES;
				GCC_OPTIMIZATION_LEVEL = 0;
				GCC_PREPROCESSOR_DEFINITIONS = (
					"DEBUG=1",
					"$(inherited)",
				);
				GCC_WARN_64_TO_32_BIT_CONVERSION = YES;
				GCC_WARN_ABOUT_RETURN_TYPE = YES_ERROR;
				GCC_WARN_UNDECLARED_SELECTOR = YES;
				GCC_WARN_UNINITIALIZED_AUTOS = YES_AGGRESSIVE;
				GCC_WARN_UNUSED_FUNCTION = YES;
				GCC_WARN_UNUSED_VARIABLE = YES;
				IPHONEOS_DEPLOYMENT_TARGET = 7.0;
				MTL_ENABLE_DEBUG_INFO = YES;
				ONLY_ACTIVE_ARCH = YES;
				SDKROOT = iphoneos;
			};
			name = Debug;
		};
		034E8CC31C8996D50035A28A /* Release */ = {
			isa = XCBuildConfiguration;
			buildSettings = {
				ALWAYS_SEARCH_USER_PATHS = NO;
				CLANG_CXX_LANGUAGE_STANDARD = "gnu++0x";
				CLANG_CXX_LIBRARY = "libc++";
				CLANG_ENABLE_MODULES = YES;
				CLANG_ENABLE_OBJC_ARC = YES;
				CLANG_WARN_BOOL_CONVERSION = YES;
				CLANG_WARN_CONSTANT_CONVERSION = YES;
				CLANG_WARN_DIRECT_OBJC_ISA_USAGE = YES_ERROR;
				CLANG_WARN_EMPTY_BODY = YES;
				CLANG_WARN_ENUM_CONVERSION = YES;
				CLANG_WARN_INT_CONVERSION = YES;
				CLANG_WARN_OBJC_ROOT_CLASS = YES_ERROR;
				CLANG_WARN_UNREACHABLE_CODE = YES;
				CLANG_WARN__DUPLICATE_METHOD_MATCH = YES;
				"CODE_SIGN_IDENTITY[sdk=iphoneos*]" = "iPhone Developer";
				COPY_PHASE_STRIP = NO;
				DEBUG_INFORMATION_FORMAT = "dwarf-with-dsym";
				ENABLE_NS_ASSERTIONS = NO;
				ENABLE_STRICT_OBJC_MSGSEND = YES;
				GCC_C_LANGUAGE_STANDARD = gnu99;
				GCC_NO_COMMON_BLOCKS = YES;
				GCC_WARN_64_TO_32_BIT_CONVERSION = YES;
				GCC_WARN_ABOUT_RETURN_TYPE = YES_ERROR;
				GCC_WARN_UNDECLARED_SELECTOR = YES;
				GCC_WARN_UNINITIALIZED_AUTOS = YES_AGGRESSIVE;
				GCC_WARN_UNUSED_FUNCTION = YES;
				GCC_WARN_UNUSED_VARIABLE = YES;
				IPHONEOS_DEPLOYMENT_TARGET = 7.0;
				MTL_ENABLE_DEBUG_INFO = NO;
				SDKROOT = iphoneos;
				VALIDATE_PRODUCT = YES;
			};
			name = Release;
		};
		034E8CC51C8996D50035A28A /* Debug */ = {
			isa = XCBuildConfiguration;
			buildSettings = {
				CODE_SIGN_IDENTITY = "iPhone Developer";
				ONLY_ACTIVE_ARCH = NO;
				OTHER_LDFLAGS = "-ObjC";
				PRODUCT_NAME = "$(TARGET_NAME)";
				SKIP_INSTALL = YES;
			};
			name = Debug;
		};
		034E8CC61C8996D50035A28A /* Release */ = {
			isa = XCBuildConfiguration;
			buildSettings = {
				CODE_SIGN_IDENTITY = "iPhone Developer";
				ONLY_ACTIVE_ARCH = NO;
				OTHER_LDFLAGS = "-ObjC";
				PRODUCT_NAME = "$(TARGET_NAME)";
				SKIP_INSTALL = YES;
			};
			name = Release;
		};
/* End XCBuildConfiguration section */

/* Begin XCConfigurationList section */
		034E8CB61C8996D50035A28A /* Build configuration list for PBXProject "UIPullRefresh" */ = {
			isa = XCConfigurationList;
			buildConfigurations = (
				034E8CC21C8996D50035A28A /* Debug */,
				034E8CC31C8996D50035A28A /* Release */,
			);
			defaultConfigurationIsVisible = 0;
			defaultConfigurationName = Release;
		};
		034E8CC41C8996D50035A28A /* Build configuration list for PBXNativeTarget "UIPullRefresh" */ = {
			isa = XCConfigurationList;
			buildConfigurations = (
				034E8CC51C8996D50035A28A /* Debug */,
				034E8CC61C8996D50035A28A /* Release */,
			);
			defaultConfigurationIsVisible = 0;
			defaultConfigurationName = Release;
		};
/* End XCConfigurationList section */
	};
	rootObject = 034E8CB31C8996D50035A28A /* Project object */;
}
